github.com/BurntSushi/toml v1.4.0 h1:kuoIxZQy2WRRk1pttg9asf+WVv6tWQuBNVmK8+nqPr0=
github.com/BurntSushi/toml v1.4.0/go.mod h1:ukJfTF/6rtPPRCnwkur4qwRxa8vTRFBF0uk2lLoLwho=
github.com/spf13/pflag v1.0.5 h1:iy+VFUOCP1a+8yFto/drg2CJ5u0yRoB7fZw3DKv/JXA=
github.com/spf13/pflag v1.0.5/go.mod h1:McXfInJRrz4CZXVZOBLb0bTZqETkiAhM9Iw0y3An2Bg=
